{
  "lockfileVersion": 1,
  "workspaces": {
    "": {
      "dependencies": {
        "@tealmiku/florence": "^2025.1019.0",
        "cssnano": "^7.1.0",
        "dompurify": "^3.2.6",
        "esbuild": "^0.25.8",
        "lighterhtml": "^4.2.0",
        "luxon": "^3.7.1",
        "moment": "^2.30.1",
        "postcss": "^8.5.6",
        "showdown": "^2.1.0",
        "tippy.js": "^6.3.7",
      },
    },
  },
  "packages": {
    "@esbuild/aix-ppc64": ["@esbuild/aix-ppc64@0.25.9", "", { "os": "aix", "cpu": "ppc64" }, "sha512-OaGtL73Jck6pBKjNIe24BnFE6agGl+6KxDtTfHhy1HmhthfKouEcOhqpSL64K4/0WCtbKFLOdzD/44cJ4k9opA=="],

    "@esbuild/android-arm": ["@esbuild/android-arm@0.25.9", "", { "os": "android", "cpu": "arm" }, "sha512-5WNI1DaMtxQ7t7B6xa572XMXpHAaI/9Hnhk8lcxF4zVN4xstUgTlvuGDorBguKEnZO70qwEcLpfifMLoxiPqHQ=="],

    "@esbuild/android-arm64": ["@esbuild/android-arm64@0.25.9", "", { "os": "android", "cpu": "arm64" }, "sha512-IDrddSmpSv51ftWslJMvl3Q2ZT98fUSL2/rlUXuVqRXHCs5EUF1/f+jbjF5+NG9UffUDMCiTyh8iec7u8RlTLg=="],

    "@esbuild/android-x64": ["@esbuild/android-x64@0.25.9", "", { "os": "android", "cpu": "x64" }, "sha512-I853iMZ1hWZdNllhVZKm34f4wErd4lMyeV7BLzEExGEIZYsOzqDWDf+y082izYUE8gtJnYHdeDpN/6tUdwvfiw=="],

    "@esbuild/darwin-arm64": ["@esbuild/darwin-arm64@0.25.9", "", { "os": "darwin", "cpu": "arm64" }, "sha512-XIpIDMAjOELi/9PB30vEbVMs3GV1v2zkkPnuyRRURbhqjyzIINwj+nbQATh4H9GxUgH1kFsEyQMxwiLFKUS6Rg=="],

    "@esbuild/darwin-x64": ["@esbuild/darwin-x64@0.25.9", "", { "os": "darwin", "cpu": "x64" }, "sha512-jhHfBzjYTA1IQu8VyrjCX4ApJDnH+ez+IYVEoJHeqJm9VhG9Dh2BYaJritkYK3vMaXrf7Ogr/0MQ8/MeIefsPQ=="],

    "@esbuild/freebsd-arm64": ["@esbuild/freebsd-arm64@0.25.9", "", { "os": "freebsd", "cpu": "arm64" }, "sha512-z93DmbnY6fX9+KdD4Ue/H6sYs+bhFQJNCPZsi4XWJoYblUqT06MQUdBCpcSfuiN72AbqeBFu5LVQTjfXDE2A6Q=="],

    "@esbuild/freebsd-x64": ["@esbuild/freebsd-x64@0.25.9", "", { "os": "freebsd", "cpu": "x64" }, "sha512-mrKX6H/vOyo5v71YfXWJxLVxgy1kyt1MQaD8wZJgJfG4gq4DpQGpgTB74e5yBeQdyMTbgxp0YtNj7NuHN0PoZg=="],

    "@esbuild/linux-arm": ["@esbuild/linux-arm@0.25.9", "", { "os": "linux", "cpu": "arm" }, "sha512-HBU2Xv78SMgaydBmdor38lg8YDnFKSARg1Q6AT0/y2ezUAKiZvc211RDFHlEZRFNRVhcMamiToo7bDx3VEOYQw=="],

    "@esbuild/linux-arm64": ["@esbuild/linux-arm64@0.25.9", "", { "os": "linux", "cpu": "arm64" }, "sha512-BlB7bIcLT3G26urh5Dmse7fiLmLXnRlopw4s8DalgZ8ef79Jj4aUcYbk90g8iCa2467HX8SAIidbL7gsqXHdRw=="],

    "@esbuild/linux-ia32": ["@esbuild/linux-ia32@0.25.9", "", { "os": "linux", "cpu": "ia32" }, "sha512-e7S3MOJPZGp2QW6AK6+Ly81rC7oOSerQ+P8L0ta4FhVi+/j/v2yZzx5CqqDaWjtPFfYz21Vi1S0auHrap3Ma3A=="],

    "@esbuild/linux-loong64": ["@esbuild/linux-loong64@0.25.9", "", { "os": "linux", "cpu": "none" }, "sha512-Sbe10Bnn0oUAB2AalYztvGcK+o6YFFA/9829PhOCUS9vkJElXGdphz0A3DbMdP8gmKkqPmPcMJmJOrI3VYB1JQ=="],

    "@esbuild/linux-mips64el": ["@esbuild/linux-mips64el@0.25.9", "", { "os": "linux", "cpu": "none" }, "sha512-YcM5br0mVyZw2jcQeLIkhWtKPeVfAerES5PvOzaDxVtIyZ2NUBZKNLjC5z3/fUlDgT6w89VsxP2qzNipOaaDyA=="],

    "@esbuild/linux-ppc64": ["@esbuild/linux-ppc64@0.25.9", "", { "os": "linux", "cpu": "ppc64" }, "sha512-++0HQvasdo20JytyDpFvQtNrEsAgNG2CY1CLMwGXfFTKGBGQT3bOeLSYE2l1fYdvML5KUuwn9Z8L1EWe2tzs1w=="],

    "@esbuild/linux-riscv64": ["@esbuild/linux-riscv64@0.25.9", "", { "os": "linux", "cpu": "none" }, "sha512-uNIBa279Y3fkjV+2cUjx36xkx7eSjb8IvnL01eXUKXez/CBHNRw5ekCGMPM0BcmqBxBcdgUWuUXmVWwm4CH9kg=="],

    "@esbuild/linux-s390x": ["@esbuild/linux-s390x@0.25.9", "", { "os": "linux", "cpu": "s390x" }, "sha512-Mfiphvp3MjC/lctb+7D287Xw1DGzqJPb/J2aHHcHxflUo+8tmN/6d4k6I2yFR7BVo5/g7x2Monq4+Yew0EHRIA=="],

    "@esbuild/linux-x64": ["@esbuild/linux-x64@0.25.9", "", { "os": "linux", "cpu": "x64" }, "sha512-iSwByxzRe48YVkmpbgoxVzn76BXjlYFXC7NvLYq+b+kDjyyk30J0JY47DIn8z1MO3K0oSl9fZoRmZPQI4Hklzg=="],

    "@esbuild/netbsd-arm64": ["@esbuild/netbsd-arm64@0.25.9", "", { "os": "none", "cpu": "arm64" }, "sha512-9jNJl6FqaUG+COdQMjSCGW4QiMHH88xWbvZ+kRVblZsWrkXlABuGdFJ1E9L7HK+T0Yqd4akKNa/lO0+jDxQD4Q=="],

    "@esbuild/netbsd-x64": ["@esbuild/netbsd-x64@0.25.9", "", { "os": "none", "cpu": "x64" }, "sha512-RLLdkflmqRG8KanPGOU7Rpg829ZHu8nFy5Pqdi9U01VYtG9Y0zOG6Vr2z4/S+/3zIyOxiK6cCeYNWOFR9QP87g=="],

    "@esbuild/openbsd-arm64": ["@esbuild/openbsd-arm64@0.25.9", "", { "os": "openbsd", "cpu": "arm64" }, "sha512-YaFBlPGeDasft5IIM+CQAhJAqS3St3nJzDEgsgFixcfZeyGPCd6eJBWzke5piZuZ7CtL656eOSYKk4Ls2C0FRQ=="],

    "@esbuild/openbsd-x64": ["@esbuild/openbsd-x64@0.25.9", "", { "os": "openbsd", "cpu": "x64" }, "sha512-1MkgTCuvMGWuqVtAvkpkXFmtL8XhWy+j4jaSO2wxfJtilVCi0ZE37b8uOdMItIHz4I6z1bWWtEX4CJwcKYLcuA=="],

    "@esbuild/openharmony-arm64": ["@esbuild/openharmony-arm64@0.25.9", "", { "os": "none", "cpu": "arm64" }, "sha512-4Xd0xNiMVXKh6Fa7HEJQbrpP3m3DDn43jKxMjxLLRjWnRsfxjORYJlXPO4JNcXtOyfajXorRKY9NkOpTHptErg=="],

    "@esbuild/sunos-x64": ["@esbuild/sunos-x64@0.25.9", "", { "os": "sunos", "cpu": "x64" }, "sha512-WjH4s6hzo00nNezhp3wFIAfmGZ8U7KtrJNlFMRKxiI9mxEK1scOMAaa9i4crUtu+tBr+0IN6JCuAcSBJZfnphw=="],

    "@esbuild/win32-arm64": ["@esbuild/win32-arm64@0.25.9", "", { "os": "win32", "cpu": "arm64" }, "sha512-mGFrVJHmZiRqmP8xFOc6b84/7xa5y5YvR1x8djzXpJBSv/UsNK6aqec+6JDjConTgvvQefdGhFDAs2DLAds6gQ=="],

    "@esbuild/win32-ia32": ["@esbuild/win32-ia32@0.25.9", "", { "os": "win32", "cpu": "ia32" }, "sha512-b33gLVU2k11nVx1OhX3C8QQP6UHQK4ZtN56oFWvVXvz2VkDoe6fbG8TOgHFxEvqeqohmRnIHe5A1+HADk4OQww=="],

    "@esbuild/win32-x64": ["@esbuild/win32-x64@0.25.9", "", { "os": "win32", "cpu": "x64" }, "sha512-PPOl1mi6lpLNQxnGoyAfschAodRFYXJ+9fs6WHXz7CSWKbOqiMZsubC+BQsVKuul+3vKLuwTHsS2c2y9EoKwxQ=="],

    "@popperjs/core": ["@popperjs/core@2.11.8", "", {}, "sha512-P1st0aksCrn9sGZhp8GMYwBnQsbvAWsZAX44oXNNvLHGqAOcoVxmjZiohstwQ7SqKnbR47akdNi+uleWD8+g6A=="],

    "@tealmiku/florence": ["@tealmiku/florence@2025.1019.0", "", {}, "sha512-MfVqQooR4dbgFaXrazIClTS3ieyGtabnr0fFUQUFqnRMT+9JgLnIj6xcAnoYlchSM3Nlp0XanDRUjGAwGhpvug=="],

    "@types/trusted-types": ["@types/trusted-types@2.0.7", "", {}, "sha512-ScaPdn1dQczgbl0QFTeTOmVHFULt394XJgOQNoyVhZ6r2vLnMLJfBPd53SB52T/3G36VI1/g2MZaX0cwDuXsfw=="],

    "@ungap/create-content": ["@ungap/create-content@0.2.0", "", {}, "sha512-CvmX0Mr5PfFARDBbSef0B+SAqSeMKaHOG/twJi9nbPtp/MiNPgyBLqZndiyO3RXQ0RXy6TqwarvB6KWzTmc4MQ=="],

    "@ungap/import-node": ["@ungap/import-node@0.2.0", "", {}, "sha512-VuWVBAMRjoOc63n8Cc19brS7KlhYJ+57790LF+lVw60nMRemCrz1T6HnoNx74IEW3FS+TM+vveJ70C6NyTKODQ=="],

    "@ungap/trim": ["@ungap/trim@0.2.0", "", {}, "sha512-CfsUxeZ2R/O3EGCOe+IkAU32yHOdO+mCRmtavSIQ4HZN3Jiq/ynGzq8/asyamd28U26UJmpSV/TC7+p7qELKrg=="],

    "@ungap/weakmap": ["@ungap/weakmap@0.2.1", "", {}, "sha512-GmVAWB+JuFKqSbzlofYK4qxk955gEv4Kd9/aj2hLOxneXMAm/J7OXcl5DlElS9tmkqwCcxGysSZGOrjzNvmjFQ=="],

    "boolbase": ["boolbase@1.0.0", "", {}, "sha512-JZOSA7Mo9sNGB8+UjSgzdLtokWAky1zbztM3WRLCbZ70/3cTANmQmOdR7y2g+J0e2WXywy1yS468tY+IruqEww=="],

    "browserslist": ["browserslist@4.25.3", "", { "dependencies": { "caniuse-lite": "^1.0.30001735", "electron-to-chromium": "^1.5.204", "node-releases": "^2.0.19", "update-browserslist-db": "^1.1.3" }, "bin": "cli.js" }, "sha512-cDGv1kkDI4/0e5yON9yM5G/0A5u8sf5TnmdX5C9qHzI9PPu++sQ9zjm1k9NiOrf3riY4OkK0zSGqfvJyJsgCBQ=="],

    "caniuse-api": ["caniuse-api@3.0.0", "", { "dependencies": { "browserslist": "^4.0.0", "caniuse-lite": "^1.0.0", "lodash.memoize": "^4.1.2", "lodash.uniq": "^4.5.0" } }, "sha512-bsTwuIg/BZZK/vreVTYYbSWoe2F+71P7K5QGEX+pT250DZbfU1MQ5prOKpPR+LL6uWKK3KMwMCAS74QB3Um1uw=="],

    "caniuse-lite": ["caniuse-lite@1.0.30001735", "", {}, "sha512-EV/laoX7Wq2J9TQlyIXRxTJqIw4sxfXS4OYgudGxBYRuTv0q7AM6yMEpU/Vo1I94thg9U6EZ2NfZx9GJq83u7w=="],

    "colord": ["colord@2.9.3", "", {}, "sha512-jeC1axXpnb0/2nn/Y1LPuLdgXBLH7aDcHu4KEKfqw3CUhX7ZpfBSlPKyqXE6btIgEzfWtrX3/tyBCaCvXvMkOw=="],

    "commander": ["commander@9.5.0", "", {}, "sha512-KRs7WVDKg86PWiuAqhDrAQnTXZKraVcCc6vFdL14qrZ/DcWwuRo7VoiYXalXO7S5GKpqYiVEwCbgFDfxNHKJBQ=="],

    "css-declaration-sorter": ["css-declaration-sorter@7.2.0", "", { "peerDependencies": { "postcss": "^8.0.9" } }, "sha512-h70rUM+3PNFuaBDTLe8wF/cdWu+dOZmb7pJt8Z2sedYbAcQVQV/tEchueg3GWxwqS0cxtbxmaHEdkNACqcvsow=="],

    "css-select": ["css-select@5.2.2", "", { "dependencies": { "boolbase": "^1.0.0", "css-what": "^6.1.0", "domhandler": "^5.0.2", "domutils": "^3.0.1", "nth-check": "^2.0.1" } }, "sha512-TizTzUddG/xYLA3NXodFM0fSbNizXjOKhqiQQwvhlspadZokn1KDy0NZFS0wuEubIYAV5/c1/lAr0TaaFXEXzw=="],

    "css-tree": ["css-tree@3.1.0", "", { "dependencies": { "mdn-data": "2.12.2", "source-map-js": "^1.0.1" } }, "sha512-0eW44TGN5SQXU1mWSkKwFstI/22X2bG1nYzZTYMAWjylYURhse752YgbE4Cx46AC+bAvI+/dYTPRk1LqSUnu6w=="],

    "css-what": ["css-what@6.2.2", "", {}, "sha512-u/O3vwbptzhMs3L1fQE82ZSLHQQfto5gyZzwteVIEyeaY5Fc7R4dapF/BvRoSYFeqfBk4m0V1Vafq5Pjv25wvA=="],

    "cssesc": ["cssesc@3.0.0", "", { "bin": "bin/cssesc" }, "sha512-/Tb/JcjK111nNScGob5MNtsntNM1aCNUDipB/TkwZFhyDrrE47SOx/18wF2bbjgc3ZzCSKW1T5nt5EbFoAz/Vg=="],

    "cssnano": ["cssnano@7.1.0", "", { "dependencies": { "cssnano-preset-default": "^7.0.8", "lilconfig": "^3.1.3" }, "peerDependencies": { "postcss": "^8.4.32" } }, "sha512-Pu3rlKkd0ZtlCUzBrKL1Z4YmhKppjC1H9jo7u1o4qaKqyhvixFgu5qLyNIAOjSTg9DjVPtUqdROq2EfpVMEe+w=="],

    "cssnano-preset-default": ["cssnano-preset-default@7.0.8", "", { "dependencies": { "browserslist": "^4.25.1", "css-declaration-sorter": "^7.2.0", "cssnano-utils": "^5.0.1", "postcss-calc": "^10.1.1", "postcss-colormin": "^7.0.4", "postcss-convert-values": "^7.0.6", "postcss-discard-comments": "^7.0.4", "postcss-discard-duplicates": "^7.0.2", "postcss-discard-empty": "^7.0.1", "postcss-discard-overridden": "^7.0.1", "postcss-merge-longhand": "^7.0.5", "postcss-merge-rules": "^7.0.6", "postcss-minify-font-values": "^7.0.1", "postcss-minify-gradients": "^7.0.1", "postcss-minify-params": "^7.0.4", "postcss-minify-selectors": "^7.0.5", "postcss-normalize-charset": "^7.0.1", "postcss-normalize-display-values": "^7.0.1", "postcss-normalize-positions": "^7.0.1", "postcss-normalize-repeat-style": "^7.0.1", "postcss-normalize-string": "^7.0.1", "postcss-normalize-timing-functions": "^7.0.1", "postcss-normalize-unicode": "^7.0.4", "postcss-normalize-url": "^7.0.1", "postcss-normalize-whitespace": "^7.0.1", "postcss-ordered-values": "^7.0.2", "postcss-reduce-initial": "^7.0.4", "postcss-reduce-transforms": "^7.0.1", "postcss-svgo": "^7.1.0", "postcss-unique-selectors": "^7.0.4" }, "peerDependencies": { "postcss": "^8.4.32" } }, "sha512-d+3R2qwrUV3g4LEMOjnndognKirBZISylDZAF/TPeCWVjEwlXS2e4eN4ICkoobRe7pD3H6lltinKVyS1AJhdjQ=="],

    "cssnano-utils": ["cssnano-utils@5.0.1", "", { "peerDependencies": { "postcss": "^8.4.32" } }, "sha512-ZIP71eQgG9JwjVZsTPSqhc6GHgEr53uJ7tK5///VfyWj6Xp2DBmixWHqJgPno+PqATzn48pL42ww9x5SSGmhZg=="],

    "csso": ["csso@5.0.5", "", { "dependencies": { "css-tree": "~2.2.0" } }, "sha512-0LrrStPOdJj+SPCCrGhzryycLjwcgUSHBtxNA8aIDxf0GLsRh1cKYhB00Gd1lDOS4yGH69+SNn13+TWbVHETFQ=="],

    "dom-serializer": ["dom-serializer@2.0.0", "", { "dependencies": { "domelementtype": "^2.3.0", "domhandler": "^5.0.2", "entities": "^4.2.0" } }, "sha512-wIkAryiqt/nV5EQKqQpo3SToSOV9J0DnbJqwK7Wv/Trc92zIAYZ4FlMu+JPFW1DfGFt81ZTCGgDEabffXeLyJg=="],

    "domconstants": ["domconstants@0.1.2", "", {}, "sha512-sPOoOckTxtwy5t8PFf6zl11gOEhOpl1k0ZCc/NfCNmHoMw8n9HnCQCzxWKX9gdBp+qM+2DTFkst++Yw6C41izQ=="],

    "domelementtype": ["domelementtype@2.3.0", "", {}, "sha512-OLETBj6w0OsagBwdXnPdN0cnMfF9opN69co+7ZrbfPGrdpPVNBUj02spi6B1N7wChLQiPn4CSH/zJvXw56gmHw=="],

    "domhandler": ["domhandler@5.0.3", "", { "dependencies": { "domelementtype": "^2.3.0" } }, "sha512-cgwlv/1iFQiFnU96XXgROh8xTeetsnJiDsTc7TYCLFd9+/WNkIqPTxiM/8pSd8VIrhXGTf1Ny1q1hquVqDJB5w=="],

    "dompurify": ["dompurify@3.2.6", "", { "optionalDependencies": { "@types/trusted-types": "^2.0.7" } }, "sha512-/2GogDQlohXPZe6D6NOgQvXLPSYBqIWMnZ8zzOhn09REE4eyAzb+Hed3jhoM9OkuaJ8P6ZGTTVWQKAi8ieIzfQ=="],

    "domsanitizer": ["domsanitizer@0.2.3", "", { "dependencies": { "domconstants": "^0.1.2" } }, "sha512-qglHc+5k5C2+WSEzck0WGbpa2exCKZuZKb0n4RU2Wuy7BPkpmf67mHD1BJWGxs0iJYl709f2YVeJMh06c1ILlA=="],

    "domtagger": ["domtagger@0.7.2", "", { "dependencies": { "@ungap/create-content": "^0.2.0", "@ungap/import-node": "^0.2.0", "@ungap/trim": "^0.2.0", "@ungap/weakmap": "^0.2.1", "domconstants": "^0.1.2", "domsanitizer": "^0.2.2", "umap": "^1.0.2" } }, "sha512-h7g5eduvnLwowJJPkcB5lNzo8vd/Hx4e3I4IOtLpX0qB2wBiuryGLNa61MeFre4b6gMaQIhegMIZ2I8rQCAJwQ=="],

    "domutils": ["domutils@3.2.2", "", { "dependencies": { "dom-serializer": "^2.0.0", "domelementtype": "^2.3.0", "domhandler": "^5.0.3" } }, "sha512-6kZKyUajlDuqlHKVX1w7gyslj9MPIXzIFiz/rGu35uC1wMi+kMhQwGhl4lt9unC9Vb9INnY9Z3/ZA3+FhASLaw=="],

    "electron-to-chromium": ["electron-to-chromium@1.5.207", "", {}, "sha512-mryFrrL/GXDTmAtIVMVf+eIXM09BBPlO5IQ7lUyKmK8d+A4VpRGG+M3ofoVef6qyF8s60rJei8ymlJxjUA8Faw=="],

    "entities": ["entities@4.5.0", "", {}, "sha512-V0hjH4dGPh9Ao5p0MoRY6BVqtwCjhz6vI5LT8AJ55H+4g9/4vbHx1I54fS0XuclLhDHArPQCiMjDxjaL8fPxhw=="],

    "esbuild": ["esbuild@0.25.9", "", { "optionalDependencies": { "@esbuild/aix-ppc64": "0.25.9", "@esbuild/android-arm": "0.25.9", "@esbuild/android-arm64": "0.25.9", "@esbuild/android-x64": "0.25.9", "@esbuild/darwin-arm64": "0.25.9", "@esbuild/darwin-x64": "0.25.9", "@esbuild/freebsd-arm64": "0.25.9", "@esbuild/freebsd-x64": "0.25.9", "@esbuild/linux-arm": "0.25.9", "@esbuild/linux-arm64": "0.25.9", "@esbuild/linux-ia32": "0.25.9", "@esbuild/linux-loong64": "0.25.9", "@esbuild/linux-mips64el": "0.25.9", "@esbuild/linux-ppc64": "0.25.9", "@esbuild/linux-riscv64": "0.25.9", "@esbuild/linux-s390x": "0.25.9", "@esbuild/linux-x64": "0.25.9", "@esbuild/netbsd-arm64": "0.25.9", "@esbuild/netbsd-x64": "0.25.9", "@esbuild/openbsd-arm64": "0.25.9", "@esbuild/openbsd-x64": "0.25.9", "@esbuild/openharmony-arm64": "0.25.9", "@esbuild/sunos-x64": "0.25.9", "@esbuild/win32-arm64": "0.25.9", "@esbuild/win32-ia32": "0.25.9", "@esbuild/win32-x64": "0.25.9" }, "bin": "bin/esbuild" }, "sha512-CRbODhYyQx3qp7ZEwzxOk4JBqmD/seJrzPa/cGjY1VtIn5E09Oi9/dB4JwctnfZ8Q8iT7rioVv5k/FNT/uf54g=="],

    "escalade": ["escalade@3.2.0", "", {}, "sha512-WUj2qlxaQtO4g6Pq5c29GTcWGDyd8itL8zTlipgECz3JesAiiOKotd8JU6otB3PACgG6xkJUyVhboMS+bje/jA=="],

    "hyperhtml-style": ["hyperhtml-style@0.1.3", "", {}, "sha512-IvLy8MzHTSJ0fDpSzrb8rcdnla6yROEmNBSxInEMyIFu2DQkbmpadTf6B4fHvnytN6iHL2gGwpe5/jHL3wMi+A=="],

    "lighterhtml": ["lighterhtml@4.2.0", "", { "dependencies": { "@ungap/create-content": "^0.2.0", "@ungap/weakmap": "^0.2.1", "domsanitizer": "^0.2.3", "domtagger": "^0.7.1", "hyperhtml-style": "^0.1.2", "udomdiff": "^1.1.0", "uhandlers": "^0.4.2", "umap": "^1.0.2", "uwire": "^1.1.0" } }, "sha512-HAb+Ri17iT+vYmFtarlt45O63BltoJY/ltDZGhnf2A1s4kno2j6su5KiZAgYD4/5AjODYQqflSy9KJZFwL5VwQ=="],

    "lilconfig": ["lilconfig@3.1.3", "", {}, "sha512-/vlFKAoH5Cgt3Ie+JLhRbwOsCQePABiU3tJ1egGvyQ+33R/vcwM2Zl2QR/LzjsBeItPt3oSVXapn+m4nQDvpzw=="],

    "lodash.memoize": ["lodash.memoize@4.1.2", "", {}, "sha512-t7j+NzmgnQzTAYXcsHYLgimltOV1MXHtlOWf6GjL9Kj8GK5FInw5JotxvbOs+IvV1/Dzo04/fCGfLVs7aXb4Ag=="],

    "lodash.uniq": ["lodash.uniq@4.5.0", "", {}, "sha512-xfBaXQd9ryd9dlSDvnvI0lvxfLJlYAZzXomUYzLKtUeOQvOP5piqAWuGtrhWeqaXK9hhoM/iyJc5AV+XfsX3HQ=="],

    "luxon": ["luxon@3.7.1", "", {}, "sha512-RkRWjA926cTvz5rAb1BqyWkKbbjzCGchDUIKMCUvNi17j6f6j8uHGDV82Aqcqtzd+icoYpELmG3ksgGiFNNcNg=="],

    "mdn-data": ["mdn-data@2.12.2", "", {}, "sha512-IEn+pegP1aManZuckezWCO+XZQDplx1366JoVhTpMpBB1sPey/SbveZQUosKiKiGYjg1wH4pMlNgXbCiYgihQA=="],

    "moment": ["moment@2.30.1", "", {}, "sha512-uEmtNhbDOrWPFS+hdjFCBfy9f2YoyzRpwcl+DqpC6taX21FzsTLQVbMV/W7PzNSX6x/bhC1zA3c2UQ5NzH6how=="],

    "nanoid": ["nanoid@3.3.11", "", { "bin": "bin/nanoid.cjs" }, "sha512-N8SpfPUnUp1bK+PMYW8qSWdl9U+wwNWI4QKxOYDy9JAro3WMX7p2OeVRF9v+347pnakNevPmiHhNmZ2HbFA76w=="],

    "node-releases": ["node-releases@2.0.19", "", {}, "sha512-xxOWJsBKtzAq7DY0J+DTzuz58K8e7sJbdgwkbMWQe8UYB6ekmsQ45q0M/tJDsGaZmbC+l7n57UV8Hl5tHxO9uw=="],

    "nth-check": ["nth-check@2.1.1", "", { "dependencies": { "boolbase": "^1.0.0" } }, "sha512-lqjrjmaOoAnWfMmBPL+XNnynZh2+swxiX3WUE0s4yEHI6m+AwrK2UZOimIRl3X/4QctVqS8AiZjFqyOGrMXb/w=="],

    "picocolors": ["picocolors@1.1.1", "", {}, "sha512-xceH2snhtb5M9liqDsmEw56le376mTZkEX/jEb/RxNFyegNul7eNslCXP9FDj/Lcu0X8KEyMceP2ntpaHrDEVA=="],

    "postcss": ["postcss@8.5.6", "", { "dependencies": { "nanoid": "^3.3.11", "picocolors": "^1.1.1", "source-map-js": "^1.2.1" } }, "sha512-3Ybi1tAuwAP9s0r1UQ2J4n5Y0G05bJkpUIO0/bI9MhwmD70S5aTWbXGBwxHrelT+XM1k6dM0pk+SwNkpTRN7Pg=="],

    "postcss-calc": ["postcss-calc@10.1.1", "", { "dependencies": { "postcss-selector-parser": "^7.0.0", "postcss-value-parser": "^4.2.0" }, "peerDependencies": { "postcss": "^8.4.38" } }, "sha512-NYEsLHh8DgG/PRH2+G9BTuUdtf9ViS+vdoQ0YA5OQdGsfN4ztiwtDWNtBl9EKeqNMFnIu8IKZ0cLxEQ5r5KVMw=="],

    "postcss-colormin": ["postcss-colormin@7.0.4", "", { "dependencies": { "browserslist": "^4.25.1", "caniuse-api": "^3.0.0", "colord": "^2.9.3", "postcss-value-parser": "^4.2.0" }, "peerDependencies": { "postcss": "^8.4.32" } }, "sha512-ziQuVzQZBROpKpfeDwmrG+Vvlr0YWmY/ZAk99XD+mGEBuEojoFekL41NCsdhyNUtZI7DPOoIWIR7vQQK9xwluw=="],

    "postcss-convert-values": ["postcss-convert-values@7.0.6", "", { "dependencies": { "browserslist": "^4.25.1", "postcss-value-parser": "^4.2.0" }, "peerDependencies": { "postcss": "^8.4.32" } }, "sha512-MD/eb39Mr60hvgrqpXsgbiqluawYg/8K4nKsqRsuDX9f+xN1j6awZCUv/5tLH8ak3vYp/EMXwdcnXvfZYiejCQ=="],

    "postcss-discard-comments": ["postcss-discard-comments@7.0.4", "", { "dependencies": { "postcss-selector-parser": "^7.1.0" }, "peerDependencies": { "postcss": "^8.4.32" } }, "sha512-6tCUoql/ipWwKtVP/xYiFf1U9QgJ0PUvxN7pTcsQ8Ns3Fnwq1pU5D5s1MhT/XySeLq6GXNvn37U46Ded0TckWg=="],

    "postcss-discard-duplicates": ["postcss-discard-duplicates@7.0.2", "", { "peerDependencies": { "postcss": "^8.4.32" } }, "sha512-eTonaQvPZ/3i1ASDHOKkYwAybiM45zFIc7KXils4mQmHLqIswXD9XNOKEVxtTFnsmwYzF66u4LMgSr0abDlh5w=="],

    "postcss-discard-empty": ["postcss-discard-empty@7.0.1", "", { "peerDependencies": { "postcss": "^8.4.32" } }, "sha512-cFrJKZvcg/uxB6Ijr4l6qmn3pXQBna9zyrPC+sK0zjbkDUZew+6xDltSF7OeB7rAtzaaMVYSdbod+sZOCWnMOg=="],

    "postcss-discard-overridden": ["postcss-discard-overridden@7.0.1", "", { "peerDependencies": { "postcss": "^8.4.32" } }, "sha512-7c3MMjjSZ/qYrx3uc1940GSOzN1Iqjtlqe8uoSg+qdVPYyRb0TILSqqmtlSFuE4mTDECwsm397Ya7iXGzfF7lg=="],

    "postcss-merge-longhand": ["postcss-merge-longhand@7.0.5", "", { "dependencies": { "postcss-value-parser": "^4.2.0", "stylehacks": "^7.0.5" }, "peerDependencies": { "postcss": "^8.4.32" } }, "sha512-Kpu5v4Ys6QI59FxmxtNB/iHUVDn9Y9sYw66D6+SZoIk4QTz1prC4aYkhIESu+ieG1iylod1f8MILMs1Em3mmIw=="],

    "postcss-merge-rules": ["postcss-merge-rules@7.0.6", "", { "dependencies": { "browserslist": "^4.25.1", "caniuse-api": "^3.0.0", "cssnano-utils": "^5.0.1", "postcss-selector-parser": "^7.1.0" }, "peerDependencies": { "postcss": "^8.4.32" } }, "sha512-2jIPT4Tzs8K87tvgCpSukRQ2jjd+hH6Bb8rEEOUDmmhOeTcqDg5fEFK8uKIu+Pvc3//sm3Uu6FRqfyv7YF7+BQ=="],

    "postcss-minify-font-values": ["postcss-minify-font-values@7.0.1", "", { "dependencies": { "postcss-value-parser": "^4.2.0" }, "peerDependencies": { "postcss": "^8.4.32" } }, "sha512-2m1uiuJeTplll+tq4ENOQSzB8LRnSUChBv7oSyFLsJRtUgAAJGP6LLz0/8lkinTgxrmJSPOEhgY1bMXOQ4ZXhQ=="],

    "postcss-minify-gradients": ["postcss-minify-gradients@7.0.1", "", { "dependencies": { "colord": "^2.9.3", "cssnano-utils": "^5.0.1", "postcss-value-parser": "^4.2.0" }, "peerDependencies": { "postcss": "^8.4.32" } }, "sha512-X9JjaysZJwlqNkJbUDgOclyG3jZEpAMOfof6PUZjPnPrePnPG62pS17CjdM32uT1Uq1jFvNSff9l7kNbmMSL2A=="],

    "postcss-minify-params": ["postcss-minify-params@7.0.4", "", { "dependencies": { "browserslist": "^4.25.1", "cssnano-utils": "^5.0.1", "postcss-value-parser": "^4.2.0" }, "peerDependencies": { "postcss": "^8.4.32" } }, "sha512-3OqqUddfH8c2e7M35W6zIwv7jssM/3miF9cbCSb1iJiWvtguQjlxZGIHK9JRmc8XAKmE2PFGtHSM7g/VcW97sw=="],

    "postcss-minify-selectors": ["postcss-minify-selectors@7.0.5", "", { "dependencies": { "cssesc": "^3.0.0", "postcss-selector-parser": "^7.1.0" }, "peerDependencies": { "postcss": "^8.4.32" } }, "sha512-x2/IvofHcdIrAm9Q+p06ZD1h6FPcQ32WtCRVodJLDR+WMn8EVHI1kvLxZuGKz/9EY5nAmI6lIQIrpo4tBy5+ug=="],

    "postcss-normalize-charset": ["postcss-normalize-charset@7.0.1", "", { "peerDependencies": { "postcss": "^8.4.32" } }, "sha512-sn413ofhSQHlZFae//m9FTOfkmiZ+YQXsbosqOWRiVQncU2BA3daX3n0VF3cG6rGLSFVc5Di/yns0dFfh8NFgQ=="],

    "postcss-normalize-display-values": ["postcss-normalize-display-values@7.0.1", "", { "dependencies": { "postcss-value-parser": "^4.2.0" }, "peerDependencies": { "postcss": "^8.4.32" } }, "sha512-E5nnB26XjSYz/mGITm6JgiDpAbVuAkzXwLzRZtts19jHDUBFxZ0BkXAehy0uimrOjYJbocby4FVswA/5noOxrQ=="],

    "postcss-normalize-positions": ["postcss-normalize-positions@7.0.1", "", { "dependencies": { "postcss-value-parser": "^4.2.0" }, "peerDependencies": { "postcss": "^8.4.32" } }, "sha512-pB/SzrIP2l50ZIYu+yQZyMNmnAcwyYb9R1fVWPRxm4zcUFCY2ign7rcntGFuMXDdd9L2pPNUgoODDk91PzRZuQ=="],

    "postcss-normalize-repeat-style": ["postcss-normalize-repeat-style@7.0.1", "", { "dependencies": { "postcss-value-parser": "^4.2.0" }, "peerDependencies": { "postcss": "^8.4.32" } }, "sha512-NsSQJ8zj8TIDiF0ig44Byo3Jk9e4gNt9x2VIlJudnQQ5DhWAHJPF4Tr1ITwyHio2BUi/I6Iv0HRO7beHYOloYQ=="],

    "postcss-normalize-string": ["postcss-normalize-string@7.0.1", "", { "dependencies": { "postcss-value-parser": "^4.2.0" }, "peerDependencies": { "postcss": "^8.4.32" } }, "sha512-QByrI7hAhsoze992kpbMlJSbZ8FuCEc1OT9EFbZ6HldXNpsdpZr+YXC5di3UEv0+jeZlHbZcoCADgb7a+lPmmQ=="],

    "postcss-normalize-timing-functions": ["postcss-normalize-timing-functions@7.0.1", "", { "dependencies": { "postcss-value-parser": "^4.2.0" }, "peerDependencies": { "postcss": "^8.4.32" } }, "sha512-bHifyuuSNdKKsnNJ0s8fmfLMlvsQwYVxIoUBnowIVl2ZAdrkYQNGVB4RxjfpvkMjipqvbz0u7feBZybkl/6NJg=="],

    "postcss-normalize-unicode": ["postcss-normalize-unicode@7.0.4", "", { "dependencies": { "browserslist": "^4.25.1", "postcss-value-parser": "^4.2.0" }, "peerDependencies": { "postcss": "^8.4.32" } }, "sha512-LvIURTi1sQoZqj8mEIE8R15yvM+OhbR1avynMtI9bUzj5gGKR/gfZFd8O7VMj0QgJaIFzxDwxGl/ASMYAkqO8g=="],

    "postcss-normalize-url": ["postcss-normalize-url@7.0.1", "", { "dependencies": { "postcss-value-parser": "^4.2.0" }, "peerDependencies": { "postcss": "^8.4.32" } }, "sha512-sUcD2cWtyK1AOL/82Fwy1aIVm/wwj5SdZkgZ3QiUzSzQQofrbq15jWJ3BA7Z+yVRwamCjJgZJN0I9IS7c6tgeQ=="],

    "postcss-normalize-whitespace": ["postcss-normalize-whitespace@7.0.1", "", { "dependencies": { "postcss-value-parser": "^4.2.0" }, "peerDependencies": { "postcss": "^8.4.32" } }, "sha512-vsbgFHMFQrJBJKrUFJNZ2pgBeBkC2IvvoHjz1to0/0Xk7sII24T0qFOiJzG6Fu3zJoq/0yI4rKWi7WhApW+EFA=="],

    "postcss-ordered-values": ["postcss-ordered-values@7.0.2", "", { "dependencies": { "cssnano-utils": "^5.0.1", "postcss-value-parser": "^4.2.0" }, "peerDependencies": { "postcss": "^8.4.32" } }, "sha512-AMJjt1ECBffF7CEON/Y0rekRLS6KsePU6PRP08UqYW4UGFRnTXNrByUzYK1h8AC7UWTZdQ9O3Oq9kFIhm0SFEw=="],

    "postcss-reduce-initial": ["postcss-reduce-initial@7.0.4", "", { "dependencies": { "browserslist": "^4.25.1", "caniuse-api": "^3.0.0" }, "peerDependencies": { "postcss": "^8.4.32" } }, "sha512-rdIC9IlMBn7zJo6puim58Xd++0HdbvHeHaPgXsimMfG1ijC5A9ULvNLSE0rUKVJOvNMcwewW4Ga21ngyJjY/+Q=="],

    "postcss-reduce-transforms": ["postcss-reduce-transforms@7.0.1", "", { "dependencies": { "postcss-value-parser": "^4.2.0" }, "peerDependencies": { "postcss": "^8.4.32" } }, "sha512-MhyEbfrm+Mlp/36hvZ9mT9DaO7dbncU0CvWI8V93LRkY6IYlu38OPg3FObnuKTUxJ4qA8HpurdQOo5CyqqO76g=="],

    "postcss-selector-parser": ["postcss-selector-parser@7.1.0", "", { "dependencies": { "cssesc": "^3.0.0", "util-deprecate": "^1.0.2" } }, "sha512-8sLjZwK0R+JlxlYcTuVnyT2v+htpdrjDOKuMcOVdYjt52Lh8hWRYpxBPoKx/Zg+bcjc3wx6fmQevMmUztS/ccA=="],

    "postcss-svgo": ["postcss-svgo@7.1.0", "", { "dependencies": { "postcss-value-parser": "^4.2.0", "svgo": "^4.0.0" }, "peerDependencies": { "postcss": "^8.4.32" } }, "sha512-KnAlfmhtoLz6IuU3Sij2ycusNs4jPW+QoFE5kuuUOK8awR6tMxZQrs5Ey3BUz7nFCzT3eqyFgqkyrHiaU2xx3w=="],

    "postcss-unique-selectors": ["postcss-unique-selectors@7.0.4", "", { "dependencies": { "postcss-selector-parser": "^7.1.0" }, "peerDependencies": { "postcss": "^8.4.32" } }, "sha512-pmlZjsmEAG7cHd7uK3ZiNSW6otSZ13RHuZ/4cDN/bVglS5EpF2r2oxY99SuOHa8m7AWoBCelTS3JPpzsIs8skQ=="],

    "postcss-value-parser": ["postcss-value-parser@4.2.0", "", {}, "sha512-1NNCs6uurfkVbeXG4S8JFT9t19m45ICnif8zWLd5oPSZ50QnwMfK+H3jv408d4jw/7Bttv5axS5IiHoLaVNHeQ=="],

    "sax": ["sax@1.4.1", "", {}, "sha512-+aWOz7yVScEGoKNd4PA10LZ8sk0A/z5+nXQG5giUO5rprX9jgYsTdov9qCchZiPIZezbZH+jRut8nPodFAX4Jg=="],

    "showdown": ["showdown@2.1.0", "", { "dependencies": { "commander": "^9.0.0" }, "bin": "bin/showdown.js" }, "sha512-/6NVYu4U819R2pUIk79n67SYgJHWCce0a5xTP979WbNp0FL9MN1I1QK662IDU1b6JzKTvmhgI7T7JYIxBi3kMQ=="],

    "source-map-js": ["source-map-js@1.2.1", "", {}, "sha512-UXWMKhLOwVKb728IUtQPXxfYU+usdybtUrK/8uGE8CQMvrhOpwvzDBwj0QhSL7MQc7vIsISBG8VQ8+IDQxpfQA=="],

    "stylehacks": ["stylehacks@7.0.6", "", { "dependencies": { "browserslist": "^4.25.1", "postcss-selector-parser": "^7.1.0" }, "peerDependencies": { "postcss": "^8.4.32" } }, "sha512-iitguKivmsueOmTO0wmxURXBP8uqOO+zikLGZ7Mm9e/94R4w5T999Js2taS/KBOnQ/wdC3jN3vNSrkGDrlnqQg=="],

    "svgo": ["svgo@4.0.0", "", { "dependencies": { "commander": "^11.1.0", "css-select": "^5.1.0", "css-tree": "^3.0.1", "css-what": "^6.1.0", "csso": "^5.0.5", "picocolors": "^1.1.1", "sax": "^1.4.1" }, "bin": "bin/svgo.js" }, "sha512-VvrHQ+9uniE+Mvx3+C9IEe/lWasXCU0nXMY2kZeLrHNICuRiC8uMPyM14UEaMOFA5mhyQqEkB02VoQ16n3DLaw=="],

    "tippy.js": ["tippy.js@6.3.7", "", { "dependencies": { "@popperjs/core": "^2.9.0" } }, "sha512-E1d3oP2emgJ9dRQZdf3Kkn0qJgI6ZLpyS5z6ZkY1DF3kaQaBsGZsndEpHwx+eC+tYM41HaSNvNtLx8tU57FzTQ=="],

    "uarray": ["uarray@1.0.0", "", {}, "sha512-LHmiAd5QuAv7pU2vbh+Zq9YOnqVK0H764p2Ozinpfy9ka58OID4IsGLiXsitqH7n0NAIDxvax1A/kDXpii/Ckg=="],

    "udomdiff": ["udomdiff@1.1.2", "", {}, "sha512-v+Z8Jal+GtmKGtJ34GIQlCJAxrDt9kbjpNsNvYoAXFyr4gNfWlD4uJJuoNNu/0UTVaKvQwHaSU095YDl71lKPw=="],

    "uhandlers": ["uhandlers@0.4.2", "", { "dependencies": { "uarray": "^1.0.0" } }, "sha512-4M3yo0saEReMHiUz3yTDX/e9Z1Z+X8fVvDEywdjvWHPKqzpI6xEPJ21llrBf6Tvf7E5xaPCf9l5JXaYZRU7QRA=="],

    "umap": ["umap@1.0.2", "", {}, "sha512-bW127HgG4H4VAD6qlqO5vCC+7bnlYvZ6A6BdwyGblkWvlEG7VYpj1bcpf3iJpvyKmkPZWDIeZDmoULz67ec7NA=="],

    "update-browserslist-db": ["update-browserslist-db@1.1.3", "", { "dependencies": { "escalade": "^3.2.0", "picocolors": "^1.1.1" }, "peerDependencies": { "browserslist": ">= 4.21.0" }, "bin": "cli.js" }, "sha512-UxhIZQ+QInVdunkDAaiazvvT/+fXL5Osr0JZlJulepYu6Jd7qJtDZjlur0emRlT71EN3ScPoE7gvsuIKKNavKw=="],

    "util-deprecate": ["util-deprecate@1.0.2", "", {}, "sha512-EPD5q1uXyFxJpCrLnCc1nHnq3gOa6DZBocAIiI2TaSCA7VCJ1UJDMagCzIkXNsUYfD1daK//LTEQ8xiIbrHtcw=="],

    "uwire": ["uwire@1.1.0", "", { "dependencies": { "uarray": "^1.0.0" } }, "sha512-XJPmJnySabt8D0/wnfFFywgUOBnXszDEW32nEVIfOx1n6gLTZSp+X+70+blSnHKNiIUVSFPmmRuxOal0I/aB5g=="],

    "csso/css-tree": ["css-tree@2.2.1", "", { "dependencies": { "mdn-data": "2.0.28", "source-map-js": "^1.0.1" } }, "sha512-OA0mILzGc1kCOCSJerOeqDxDQ4HOh+G8NbOJFOTgOCzpw7fCBubk0fEyxp8AgOL/jvLgYA/uV0cMbe43ElF1JA=="],

    "svgo/commander": ["commander@11.1.0", "", {}, "sha512-yPVavfyCcRhmorC7rWlkHn15b4wDVgVmBA7kV4QVBsF7kv/9TKJAbAXVTxvTnwP8HHKjRCJDClKbciiYS7p0DQ=="],

    "csso/css-tree/mdn-data": ["mdn-data@2.0.28", "", {}, "sha512-aylIc7Z9y4yzHYAJNuESG3hfhC+0Ibp/MAMiaOZgNv4pmEdFyfZhhhny4MNiAfWdBQ1RQ2mfDWmM1x8SvGyp8g=="],
  }
}
